github.com/Mitrichius/hugo-theme-anubis v0.0.0-20230918182456-01c3a53f124c h1:ExzBis1WDt0gqG8jGpMmio6oCmx8r7MTu6dvp9Gc/g0=
github.com/Mitrichius/hugo-theme-anubis v0.0.0-20230918182456-01c3a53f124c/go.mod h1:FKD3NbdsQzL+cXsC3x99XD/t/Rd5EyhDlNBAxQhULbo=
github.com/Mitrichius/hugo-theme-anubis v0.0.0-20250217111916-b427ef0f5999 h1:hyvgt3lS/qs8FDM2aTqIs4P4XLweAAQv2Ki1r/qhd88=
github.com/Mitrichius/hugo-theme-anubis v0.0.0-20250217111916-b427ef0f5999/go.mod h1:FKD3NbdsQzL+cXsC3x99XD/t/Rd5EyhDlNBAxQhULbo=
